
Microsoft Visual Studio Solution File, Format Version 12.00
# Visual Studio Version 17
VisualStudioVersion = 17.11.35312.102
MinimumVisualStudioVersion = 10.0.40219.1
Project("{FAE04EC0-301F-11D3-BF4B-00C04F79EFBC}") = "gittest", "gittest\gittest.csproj", "{61C9CF51-38DF-4E4E-B30E-F215D691DA90}"
EndProject
Global
	GlobalSection(SolutionConfigurationPlatforms) = preSolution
		Debug|Any CPU = Debug|Any CPU
		Release|Any CPU = Release|Any CPU
	EndGlobalSection
	GlobalSection(ProjectConfigurationPlatforms) = postSolution
		{61C9CF51-38DF-4E4E-B30E-F215D691DA90}.Debug|Any CPU.ActiveCfg = Debug|Any CPU
		{61C9CF51-38DF-4E4E-B30E-F215D691DA90}.Debug|Any CPU.Build.0 = Debug|Any CPU
		{61C9CF51-38DF-4E4E-B30E-F215D691DA90}.Release|Any CPU.ActiveCfg = Release|Any CPU
		{61C9CF51-38DF-4E4E-B30E-F215D691DA90}.Release|Any CPU.Build.0 = Release|Any CPU
	EndGlobalSection
	GlobalSection(SolutionProperties) = preSolution
		HideSolutionNode = FALSE
	EndGlobalSection
	GlobalSection(ExtensibilityGlobals) = postSolution
		SolutionGuid = {5BE69E22-5701-4D9E-9470-6C9F7D5C66FA}
	EndGlobalSection
EndGlobal
